<Solution>
  <Project Path="Assembly-CSharp.csproj" />
  <Project Path="NativeCamera.Runtime.csproj" />
  <Project Path="Unity.XR.Management.Samples.csproj" />
  <Project Path="Unity.XR.Management.Samples.Editor.csproj" />
  <Project Path="NativeGallery.Runtime.csproj" />
  <Project Path="NativeGallery.Editor.csproj" />
  <Project Path="NativeCamera.Editor.csproj" />
  <Project Path="Assembly-CSharp-Editor.csproj" />
</Solution>
